// !$*UTF8*$!
{
	archiveVersion = 1;
	classes = {
	};
	objectVersion = 50;
	objects = {

/* Begin PBXBuildFile section */
		554519C6230E67EC00EA99A6 /* AppDelegate.swift in Sources */ = {isa = PBXBuildFile; fileRef = 554519C5230E67EC00EA99A6 /* AppDelegate.swift */; };
		554519C8230E67EC00EA99A6 /* ViewController.swift in Sources */ = {isa = PBXBuildFile; fileRef = 554519C7230E67EC00EA99A6 /* ViewController.swift */; };
		554519CB230E67EC00EA99A6 /* Main.storyboard in Resources */ = {isa = PBXBuildFile; fileRef = 554519C9230E67EC00EA99A6 /* Main.storyboard */; };
		554519CE230E67EC00EA99A6 /* SwiftDemo.xcdatamodeld in Sources */ = {isa = PBXBuildFile; fileRef = 554519CC230E67EC00EA99A6 /* SwiftDemo.xcdatamodeld */; };
		554519D0230E67EC00EA99A6 /* Assets.xcassets in Resources */ = {isa = PBXBuildFile; fileRef = 554519CF230E67EC00EA99A6 /* Assets.xcassets */; };
		554519D3230E67EC00EA99A6 /* LaunchScreen.storyboard in Resources */ = {isa = PBXBuildFile; fileRef = 554519D1230E67EC00EA99A6 /* LaunchScreen.storyboard */; };
		554519DE230E67ED00EA99A6 /* SwiftDemoTests.swift in Sources */ = {isa = PBXBuildFile; fileRef = 554519DD230E67ED00EA99A6 /* SwiftDemoTests.swift */; };
		554519E9230E67ED00EA99A6 /* SwiftDemoUITests.swift in Sources */ = {isa = PBXBuildFile; fileRef = 554519E8230E67ED00EA99A6 /* SwiftDemoUITests.swift */; };
/* End PBXBuildFile section */

/* Begin PBXContainerItemProxy section */
		554519DA230E67ED00EA99A6 /* PBXContainerItemProxy */ = {
			isa = PBXContainerItemProxy;
			containerPortal = 554519BA230E67EC00EA99A6 /* Project object */;
			proxyType = 1;
			remoteGlobalIDString = 554519C1230E67EC00EA99A6;
			remoteInfo = SwiftDemo;
		};
		554519E5230E67ED00EA99A6 /* PBXContainerItemProxy */ = {
			isa = PBXContainerItemProxy;
			containerPortal = 554519BA230E67EC00EA99A6 /* Project object */;
			proxyType = 1;
			remoteGlobalIDString = 554519C1230E67EC00EA99A6;
			remoteInfo = SwiftDemo;
		};
/* End PBXContainerItemProxy section */

/* Begin PBXFileReference section */
		554519C2230E67EC00EA99A6 /* SwiftDemo.app */ = {isa = PBXFileReference; explicitFileType = wrapper.application; includeInIndex = 0; path = SwiftDemo.app; sourceTree = BUILT_PRODUCTS_DIR; };
		554519C5230E67EC00EA99A6 /* AppDelegate.swift */ = {isa = PBXFileReference; lastKnownFileType = sourcecode.swift; path = AppDelegate.swift; sourceTree = "<group>"; };
		554519C7230E67EC00EA99A6 /* ViewController.swift */ = {isa = PBXFileReference; lastKnownFileType = sourcecode.swift; path = ViewController.swift; sourceTree = "<group>"; };
		554519CA230E67EC00EA99A6 /* Base */ = {isa = PBXFileReference; lastKnownFileType = file.storyboard; name = Base; path = Base.lproj/Main.storyboard; sourceTree = "<group>"; };
		554519CD230E67EC00EA99A6 /* SwiftDemo.xcdatamodel */ = {isa = PBXFileReference; lastKnownFileType = wrapper.xcdatamodel; path = SwiftDemo.xcdatamodel; sourceTree = "<group>"; };
		554519CF230E67EC00EA99A6 /* Assets.xcassets */ = {isa = PBXFileReference; lastKnownFileType = folder.assetcatalog; path = Assets.xcassets; sourceTree = "<group>"; };
		554519D2230E67EC00EA99A6 /* Base */ = {isa = PBXFileReference; lastKnownFileType = file.storyboard; name = Base; path = Base.lproj/LaunchScreen.storyboard; sourceTree = "<group>"; };
		554519D4230E67EC00EA99A6 /* Info.plist */ = {isa = PBXFileReference; lastKnownFileType = text.plist.xml; path = Info.plist; sourceTree = "<group>"; };
		554519D9230E67ED00EA99A6 /* SwiftDemoTests.xctest */ = {isa = PBXFileReference; explicitFileType = wrapper.cfbundle; includeInIndex = 0; path = SwiftDemoTests.xctest; sourceTree = BUILT_PRODUCTS_DIR; };
		554519DD230E67ED00EA99A6 /* SwiftDemoTests.swift */ = {isa = PBXFileReference; lastKnownFileType = sourcecode.swift; path = SwiftDemoTests.swift; sourceTree = "<group>"; };
		554519DF230E67ED00EA99A6 /* Info.plist */ = {isa = PBXFileReference; lastKnownFileType = text.plist.xml; path = Info.plist; sourceTree = "<group>"; };
		554519E4230E67ED00EA99A6 /* SwiftDemoUITests.xctest */ = {isa = PBXFileReference; explicitFileType = wrapper.cfbundle; includeInIndex = 0; path = SwiftDemoUITests.xctest; sourceTree = BUILT_PRODUCTS_DIR; };
		554519E8230E67ED00EA99A6 /* SwiftDemoUITests.swift */ = {isa = PBXFileReference; lastKnownFileType = sourcecode.swift; path = SwiftDemoUITests.swift; sourceTree = "<group>"; };
		554519EA230E67ED00EA99A6 /* Info.plist */ = {isa = PBXFileReference; lastKnownFileType = text.plist.xml; path = Info.plist; sourceTree = "<group>"; };
/* End PBXFileReference section */

/* Begin PBXFrameworksBuildPhase section */
		554519BF230E67EC00EA99A6 /* Frameworks */ = {
			isa = PBXFrameworksBuildPhase;
			buildActionMask = 2147483647;
			files = (
			);
			runOnlyForDeploymentPostprocessing = 0;
		};
		554519D6230E67ED00EA99A6 /* Frameworks */ = {
			isa = PBXFrameworksBuildPhase;
			buildActionMask = 2147483647;
			files = (
			);
			runOnlyForDeploymentPostprocessing = 0;
		};
		554519E1230E67ED00EA99A6 /* Frameworks */ = {
			isa = PBXFrameworksBuildPhase;
			buildActionMask = 2147483647;
			files = (
			);
			runOnlyForDeploymentPostprocessing = 0;
		};
/* End PBXFrameworksBuildPhase section */

/* Begin PBXGroup section */
		554519B9230E67EC00EA99A6 = {
			isa = PBXGroup;
			children = (
				554519C4230E67EC00EA99A6 /* SwiftDemo */,
				554519DC230E67ED00EA99A6 /* SwiftDemoTests */,
				554519E7230E67ED00EA99A6 /* SwiftDemoUITests */,
				554519C3230E67EC00EA99A6 /* Products */,
			);
			sourceTree = "<group>";
		};
		554519C3230E67EC00EA99A6 /* Products */ = {
			isa = PBXGroup;
			children = (
				554519C2230E67EC00EA99A6 /* SwiftDemo.app */,
				554519D9230E67ED00EA99A6 /* SwiftDemoTests.xctest */,
				554519E4230E67ED00EA99A6 /* SwiftDemoUITests.xctest */,
			);
			name = Products;
			sourceTree = "<group>";
		};
		554519C4230E67EC00EA99A6 /* SwiftDemo */ = {
			isa = PBXGroup;
			children = (
				554519C5230E67EC00EA99A6 /* AppDelegate.swift */,
				554519C7230E67EC00EA99A6 /* ViewController.swift */,
				554519C9230E67EC00EA99A6 /* Main.storyboard */,
				554519CF230E67EC00EA99A6 /* Assets.xcassets */,
				554519D1230E67EC00EA99A6 /* LaunchScreen.storyboard */,
				554519D4230E67EC00EA99A6 /* Info.plist */,
				554519CC230E67EC00EA99A6 /* SwiftDemo.xcdatamodeld */,
			);
			path = SwiftDemo;
			sourceTree = "<group>";
		};
		554519DC230E67ED00EA99A6 /* SwiftDemoTests */ = {
			isa = PBXGroup;
			children = (
				554519DD230E67ED00EA99A6 /* SwiftDemoTests.swift */,
				554519DF230E67ED00EA99A6 /* Info.plist */,
			);
			path = SwiftDemoTests;
			sourceTree = "<group>";
		};
		554519E7230E67ED00EA99A6 /* SwiftDemoUITests */ = {
			isa = PBXGroup;
			children = (
				554519E8230E67ED00EA99A6 /* SwiftDemoUITests.swift */,
				554519EA230E67ED00EA99A6 /* Info.plist */,
			);
			path = SwiftDemoUITests;
			sourceTree = "<group>";
		};
/* End PBXGroup section */

/* Begin PBXNativeTarget section */
		554519C1230E67EC00EA99A6 /* SwiftDemo */ = {
			isa = PBXNativeTarget;
			buildConfigurationList = 554519ED230E67ED00EA99A6 /* Build configuration list for PBXNativeTarget "SwiftDemo" */;
			buildPhases = (
				554519BE230E67EC00EA99A6 /* Sources */,
				554519BF230E67EC00EA99A6 /* Frameworks */,
				554519C0230E67EC00EA99A6 /* Resources */,
			);
			buildRules = (
			);
			dependencies = (
			);
			name = SwiftDemo;
			productName = SwiftDemo;
			productReference = 554519C2230E67EC00EA99A6 /* SwiftDemo.app */;
			productType = "com.apple.product-type.application";
		};
		554519D8230E67ED00EA99A6 /* SwiftDemoTests */ = {
			isa = PBXNativeTarget;
			buildConfigurationList = 554519F0230E67ED00EA99A6 /* Build configuration list for PBXNativeTarget "SwiftDemoTests" */;
			buildPhases = (
				554519D5230E67ED00EA99A6 /* Sources */,
				554519D6230E67ED00EA99A6 /* Frameworks */,
				554519D7230E67ED00EA99A6 /* Resources */,
			);
			buildRules = (
			);
			dependencies = (
				554519DB230E67ED00EA99A6 /* PBXTargetDependency */,
			);
			name = SwiftDemoTests;
			productName = SwiftDemoTests;
			productReference = 554519D9230E67ED00EA99A6 /* SwiftDemoTests.xctest */;
			productType = "com.apple.product-type.bundle.unit-test";
		};
		554519E3230E67ED00EA99A6 /* SwiftDemoUITests */ = {
			isa = PBXNativeTarget;
			buildConfigurationList = 554519F3230E67ED00EA99A6 /* Build configuration list for PBXNativeTarget "SwiftDemoUITests" */;
			buildPhases = (
				554519E0230E67ED00EA99A6 /* Sources */,
				554519E1230E67ED00EA99A6 /* Frameworks */,
				554519E2230E67ED00EA99A6 /* Resources */,
			);
			buildRules = (
			);
			dependencies = (
				554519E6230E67ED00EA99A6 /* PBXTargetDependency */,
			);
			name = SwiftDemoUITests;
			productName = SwiftDemoUITests;
			productReference = 554519E4230E67ED00EA99A6 /* SwiftDemoUITests.xctest */;
			productType = "com.apple.product-type.bundle.ui-testing";
		};
/* End PBXNativeTarget section */

/* Begin PBXProject section */
		554519BA230E67EC00EA99A6 /* Project object */ = {
			isa = PBXProject;
			attributes = {
				LastSwiftUpdateCheck = 1030;
				LastUpgradeCheck = 1030;
				ORGANIZATIONNAME = "Devayani Purandare";
				TargetAttributes = {
					554519C1230E67EC00EA99A6 = {
						CreatedOnToolsVersion = 10.3;
					};
					554519D8230E67ED00EA99A6 = {
						CreatedOnToolsVersion = 10.3;
						TestTargetID = 554519C1230E67EC00EA99A6;
					};
					554519E3230E67ED00EA99A6 = {
						CreatedOnToolsVersion = 10.3;
						TestTargetID = 554519C1230E67EC00EA99A6;
					};
				};
			};
			buildConfigurationList = 554519BD230E67EC00EA99A6 /* Build configuration list for PBXProject "SwiftDemo" */;
			compatibilityVersion = "Xcode 9.3";
			developmentRegion = en;
			hasScannedForEncodings = 0;
			knownRegions = (
				en,
				Base,
			);
			mainGroup = 554519B9230E67EC00EA99A6;
			productRefGroup = 554519C3230E67EC00EA99A6 /* Products */;
			projectDirPath = "";
			projectRoot = "";
			targets = (
				554519C1230E67EC00EA99A6 /* SwiftDemo */,
				554519D8230E67ED00EA99A6 /* SwiftDemoTests */,
				554519E3230E67ED00EA99A6 /* SwiftDemoUITests */,
			);
		};
/* End PBXProject section */

/* Begin PBXResourcesBuildPhase section */
		554519C0230E67EC00EA99A6 /* Resources */ = {
			isa = PBXResourcesBuildPhase;
			buildActionMask = 2147483647;
			files = (
				554519D3230E67EC00EA99A6 /* LaunchScreen.storyboard in Resources */,
				554519D0230E67EC00EA99A6 /* Assets.xcassets in Resources */,
				554519CB230E67EC00EA99A6 /* Main.storyboard in Resources */,
			);
			runOnlyForDeploymentPostprocessing = 0;
		};
		554519D7230E67ED00EA99A6 /* Resources */ = {
			isa = PBXResourcesBuildPhase;
			buildActionMask = 2147483647;
			files = (
			);
			runOnlyForDeploymentPostprocessing = 0;
		};
		554519E2230E67ED00EA99A6 /* Resources */ = {
			isa = PBXResourcesBuildPhase;
			buildActionMask = 2147483647;
			files = (
			);
			runOnlyForDeploymentPostprocessing = 0;
		};
/* End PBXResourcesBuildPhase section */

/* Begin PBXSourcesBuildPhase section */
		554519BE230E67EC00EA99A6 /* Sources */ = {
			isa = PBXSourcesBuildPhase;
			buildActionMask = 2147483647;
			files = (
				554519C8230E67EC00EA99A6 /* ViewController.swift in Sources */,
				554519CE230E67EC00EA99A6 /* SwiftDemo.xcdatamodeld in Sources */,
				554519C6230E67EC00EA99A6 /* AppDelegate.swift in Sources */,
			);
			runOnlyForDeploymentPostprocessing = 0;
		};
		554519D5230E67ED00EA99A6 /* Sources */ = {
			isa = PBXSourcesBuildPhase;
			buildActionMask = 2147483647;
			files = (
				554519DE230E67ED00EA99A6 /* SwiftDemoTests.swift in Sources */,
			);
			runOnlyForDeploymentPostprocessing = 0;
		};
		554519E0230E67ED00EA99A6 /* Sources */ = {
			isa = PBXSourcesBuildPhase;
			buildActionMask = 2147483647;
			files = (
				554519E9230E67ED00EA99A6 /* SwiftDemoUITests.swift in Sources */,
			);
			runOnlyForDeploymentPostprocessing = 0;
		};
/* End PBXSourcesBuildPhase section */

/* Begin PBXTargetDependency section */
		554519DB230E67ED00EA99A6 /* PBXTargetDependency */ = {
			isa = PBXTargetDependency;
			target = 554519C1230E67EC00EA99A6 /* SwiftDemo */;
			targetProxy = 554519DA230E67ED00EA99A6 /* PBXContainerItemProxy */;
		};
		554519E6230E67ED00EA99A6 /* PBXTargetDependency */ = {
			isa = PBXTargetDependency;
			target = 554519C1230E67EC00EA99A6 /* SwiftDemo */;
			targetProxy = 554519E5230E67ED00EA99A6 /* PBXContainerItemProxy */;
		};
/* End PBXTargetDependency section */

/* Begin PBXVariantGroup section */
		554519C9230E67EC00EA99A6 /* Main.storyboard */ = {
			isa = PBXVariantGroup;
			children = (
				554519CA230E67EC00EA99A6 /* Base */,
			);
			name = Main.storyboard;
			sourceTree = "<group>";
		};
		554519D1230E67EC00EA99A6 /* LaunchScreen.storyboard */ = {
			isa = PBXVariantGroup;
			children = (
				554519D2230E67EC00EA99A6 /* Base */,
			);
			name = LaunchScreen.storyboard;
			sourceTree = "<group>";
		};
/* End PBXVariantGroup section */

/* Begin XCBuildConfiguration section */
		554519EB230E67ED00EA99A6 /* Debug */ = {
			isa = XCBuildConfiguration;
			buildSettings = {
				ALWAYS_SEARCH_USER_PATHS = NO;
				CLANG_ANALYZER_NONNULL = YES;
				CLANG_ANALYZER_NUMBER_OBJECT_CONVERSION = YES_AGGRESSIVE;
				CLANG_CXX_LANGUAGE_STANDARD = "gnu++14";
				CLANG_CXX_LIBRARY = "libc++";
				CLANG_ENABLE_MODULES = YES;
				CLANG_ENABLE_OBJC_ARC = YES;
				CLANG_ENABLE_OBJC_WEAK = YES;
				CLANG_WARN_BLOCK_CAPTURE_AUTORELEASING = YES;
				CLANG_WARN_BOOL_CONVERSION = YES;
				CLANG_WARN_COMMA = YES;
				CLANG_WARN_CONSTANT_CONVERSION = YES;
				CLANG_WARN_DEPRECATED_OBJC_IMPLEMENTATIONS = YES;
				CLANG_WARN_DIRECT_OBJC_ISA_USAGE = YES_ERROR;
				CLANG_WARN_DOCUMENTATION_COMMENTS = YES;
				CLANG_WARN_EMPTY_BODY = YES;
				CLANG_WARN_ENUM_CONVERSION = YES;
				CLANG_WARN_INFINITE_RECURSION = YES;
				CLANG_WARN_INT_CONVERSION = YES;
				CLANG_WARN_NON_LITERAL_NULL_CONVERSION = YES;
				CLANG_WARN_OBJC_IMPLICIT_RETAIN_SELF = YES;
				CLANG_WARN_OBJC_LITERAL_CONVERSION = YES;
				CLANG_WARN_OBJC_ROOT_CLASS = YES_ERROR;
				CLANG_WARN_RANGE_LOOP_ANALYSIS = YES;
				CLANG_WARN_STRICT_PROTOTYPES = YES;
				CLANG_WARN_SUSPICIOUS_MOVE = YES;
				CLANG_WARN_UNGUARDED_AVAILABILITY = YES_AGGRESSIVE;
				CLANG_WARN_UNREACHABLE_CODE = YES;
				CLANG_WARN__DUPLICATE_METHOD_MATCH = YES;
				CODE_SIGN_IDENTITY = "iPhone Developer";
				COPY_PHASE_STRIP = NO;
				DEBUG_INFORMATION_FORMAT = dwarf;
				ENABLE_STRICT_OBJC_MSGSEND = YES;
				ENABLE_TESTABILITY = YES;
				GCC_C_LANGUAGE_STANDARD = gnu11;
				GCC_DYNAMIC_NO_PIC = NO;
				GCC_NO_COMMON_BLOCKS = YES;
				GCC_OPTIMIZATION_LEVEL = 0;
				GCC_PREPROCESSOR_DEFINITIONS = (
					"DEBUG=1",
					"$(inherited)",
				);
				GCC_WARN_64_TO_32_BIT_CONVERSION = YES;
				GCC_WARN_ABOUT_RETURN_TYPE = YES_ERROR;
				GCC_WARN_UNDECLARED_SELECTOR = YES;
				GCC_WARN_UNINITIALIZED_AUTOS = YES_AGGRESSIVE;
				GCC_WARN_UNUSED_FUNCTION = YES;
				GCC_WARN_UNUSED_VARIABLE = YES;
				IPHONEOS_DEPLOYMENT_TARGET = 12.4;
				MTL_ENABLE_DEBUG_INFO = INCLUDE_SOURCE;
				MTL_FAST_MATH = YES;
				ONLY_ACTIVE_ARCH = YES;
				SDKROOT = iphoneos;
				SWIFT_ACTIVE_COMPILATION_CONDITIONS = DEBUG;
				SWIFT_OPTIMIZATION_LEVEL = "-Onone";
			};
			name = Debug;
		};
		554519EC230E67ED00EA99A6 /* Release */ = {
			isa = XCBuildConfiguration;
			buildSettings = {
				ALWAYS_SEARCH_USER_PATHS = NO;
				CLANG_ANALYZER_NONNULL = YES;
				CLANG_ANALYZER_NUMBER_OBJECT_CONVERSION = YES_AGGRESSIVE;
				CLANG_CXX_LANGUAGE_STANDARD = "gnu++14";
				CLANG_CXX_LIBRARY = "libc++";
				CLANG_ENABLE_MODULES = YES;
				CLANG_ENABLE_OBJC_ARC = YES;
				CLANG_ENABLE_OBJC_WEAK = YES;
				CLANG_WARN_BLOCK_CAPTURE_AUTORELEASING = YES;
				CLANG_WARN_BOOL_CONVERSION = YES;
				CLANG_WARN_COMMA = YES;
				CLANG_WARN_CONSTANT_CONVERSION = YES;
				CLANG_WARN_DEPRECATED_OBJC_IMPLEMENTATIONS = YES;
				CLANG_WARN_DIRECT_OBJC_ISA_USAGE = YES_ERROR;
				CLANG_WARN_DOCUMENTATION_COMMENTS = YES;
				CLANG_WARN_EMPTY_BODY = YES;
				CLANG_WARN_ENUM_CONVERSION = YES;
				CLANG_WARN_INFINITE_RECURSION = YES;
				CLANG_WARN_INT_CONVERSION = YES;
				CLANG_WARN_NON_LITERAL_NULL_CONVERSION = YES;
				CLANG_WARN_OBJC_IMPLICIT_RETAIN_SELF = YES;
				CLANG_WARN_OBJC_LITERAL_CONVERSION = YES;
				CLANG_WARN_OBJC_ROOT_CLASS = YES_ERROR;
				CLANG_WARN_RANGE_LOOP_ANALYSIS = YES;
				CLANG_WARN_STRICT_PROTOTYPES = YES;
				CLANG_WARN_SUSPICIOUS_MOVE = YES;
				CLANG_WARN_UNGUARDED_AVAILABILITY = YES_AGGRESSIVE;
				CLANG_WARN_UNREACHABLE_CODE = YES;
				CLANG_WARN__DUPLICATE_METHOD_MATCH = YES;
				CODE_SIGN_IDENTITY = "iPhone Developer";
				COPY_PHASE_STRIP = NO;
				DEBUG_INFORMATION_FORMAT = "dwarf-with-dsym";
				ENABLE_NS_ASSERTIONS = NO;
				ENABLE_STRICT_OBJC_MSGSEND = YES;
				GCC_C_LANGUAGE_STANDARD = gnu11;
				GCC_NO_COMMON_BLOCKS = YES;
				GCC_WARN_64_TO_32_BIT_CONVERSION = YES;
				GCC_WARN_ABOUT_RETURN_TYPE = YES_ERROR;
				GCC_WARN_UNDECLARED_SELECTOR = YES;
				GCC_WARN_UNINITIALIZED_AUTOS = YES_AGGRESSIVE;
				GCC_WARN_UNUSED_FUNCTION = YES;
				GCC_WARN_UNUSED_VARIABLE = YES;
				IPHONEOS_DEPLOYMENT_TARGET = 12.4;
				MTL_ENABLE_DEBUG_INFO = NO;
				MTL_FAST_MATH = YES;
				SDKROOT = iphoneos;
				SWIFT_COMPILATION_MODE = wholemodule;
				SWIFT_OPTIMIZATION_LEVEL = "-O";
				VALIDATE_PRODUCT = YES;
			};
			name = Release;
		};
		554519EE230E67ED00EA99A6 /* Debug */ = {
			isa = XCBuildConfiguration;
			buildSettings = {
				ASSETCATALOG_COMPILER_APPICON_NAME = AppIcon;
				CODE_SIGN_STYLE = Automatic;
				INFOPLIST_FILE = SwiftDemo/Info.plist;
				LD_RUNPATH_SEARCH_PATHS = (
					"$(inherited)",
					"@executable_path/Frameworks",
				);
				PRODUCT_BUNDLE_IDENTIFIER = Devamrut.SwiftDemo;
				PRODUCT_NAME = "$(TARGET_NAME)";
				SWIFT_VERSION = 5.0;
				TARGETED_DEVICE_FAMILY = "1,2";
			};
			name = Debug;
		};
		554519EF230E67ED00EA99A6 /* Release */ = {
			isa = XCBuildConfiguration;
			buildSettings = {
				ASSETCATALOG_COMPILER_APPICON_NAME = AppIcon;
				CODE_SIGN_STYLE = Automatic;
				INFOPLIST_FILE = SwiftDemo/Info.plist;
				LD_RUNPATH_SEARCH_PATHS = (
					"$(inherited)",
					"@executable_path/Frameworks",
				);
				PRODUCT_BUNDLE_IDENTIFIER = Devamrut.SwiftDemo;
				PRODUCT_NAME = "$(TARGET_NAME)";
				SWIFT_VERSION = 5.0;
				TARGETED_DEVICE_FAMILY = "1,2";
			};
			name = Release;
		};
		554519F1230E67ED00EA99A6 /* Debug */ = {
			isa = XCBuildConfiguration;
			buildSettings = {
				ALWAYS_EMBED_SWIFT_STANDARD_LIBRARIES = YES;
				BUNDLE_LOADER = "$(TEST_HOST)";
				CODE_SIGN_STYLE = Automatic;
				INFOPLIST_FILE = SwiftDemoTests/Info.plist;
				LD_RUNPATH_SEARCH_PATHS = (
					"$(inherited)",
					"@executable_path/Frameworks",
					"@loader_path/Frameworks",
				);
				PRODUCT_BUNDLE_IDENTIFIER = Devamrut.SwiftDemoTests;
				PRODUCT_NAME = "$(TARGET_NAME)";
				SWIFT_VERSION = 5.0;
				TARGETED_DEVICE_FAMILY = "1,2";
				TEST_HOST = "$(BUILT_PRODUCTS_DIR)/SwiftDemo.app/SwiftDemo";
			};
			name = Debug;
		};
		554519F2230E67ED00EA99A6 /* Release */ = {
			isa = XCBuildConfiguration;
			buildSettings = {
				ALWAYS_EMBED_SWIFT_STANDARD_LIBRARIES = YES;
				BUNDLE_LOADER = "$(TEST_HOST)";
				CODE_SIGN_STYLE = Automatic;
				INFOPLIST_FILE = SwiftDemoTests/Info.plist;
				LD_RUNPATH_SEARCH_PATHS = (
					"$(inherited)",
					"@executable_path/Frameworks",
					"@loader_path/Frameworks",
				);
				PRODUCT_BUNDLE_IDENTIFIER = Devamrut.SwiftDemoTests;
				PRODUCT_NAME = "$(TARGET_NAME)";
				SWIFT_VERSION = 5.0;
				TARGETED_DEVICE_FAMILY = "1,2";
				TEST_HOST = "$(BUILT_PRODUCTS_DIR)/SwiftDemo.app/SwiftDemo";
			};
			name = Release;
		};
		554519F4230E67ED00EA99A6 /* Debug */ = {
			isa = XCBuildConfiguration;
			buildSettings = {
				ALWAYS_EMBED_SWIFT_STANDARD_LIBRARIES = YES;
				CODE_SIGN_STYLE = Automatic;
				INFOPLIST_FILE = SwiftDemoUITests/Info.plist;
				LD_RUNPATH_SEARCH_PATHS = (
					"$(inherited)",
					"@executable_path/Frameworks",
					"@loader_path/Frameworks",
				);
				PRODUCT_BUNDLE_IDENTIFIER = Devamrut.SwiftDemoUITests;
				PRODUCT_NAME = "$(TARGET_NAME)";
				SWIFT_VERSION = 5.0;
				TARGETED_DEVICE_FAMILY = "1,2";
				TEST_TARGET_NAME = SwiftDemo;
			};
			name = Debug;
		};
		554519F5230E67ED00EA99A6 /* Release */ = {
			isa = XCBuildConfiguration;
			buildSettings = {
				ALWAYS_EMBED_SWIFT_STANDARD_LIBRARIES = YES;
				CODE_SIGN_STYLE = Automatic;
				INFOPLIST_FILE = SwiftDemoUITests/Info.plist;
				LD_RUNPATH_SEARCH_PATHS = (
					"$(inherited)",
					"@executable_path/Frameworks",
					"@loader_path/Frameworks",
				);
				PRODUCT_BUNDLE_IDENTIFIER = Devamrut.SwiftDemoUITests;
				PRODUCT_NAME = "$(TARGET_NAME)";
				SWIFT_VERSION = 5.0;
				TARGETED_DEVICE_FAMILY = "1,2";
				TEST_TARGET_NAME = SwiftDemo;
			};
			name = Release;
		};
/* End XCBuildConfiguration section */

/* Begin XCConfigurationList section */
		554519BD230E67EC00EA99A6 /* Build configuration list for PBXProject "SwiftDemo" */ = {
			isa = XCConfigurationList;
			buildConfigurations = (
				554519EB230E67ED00EA99A6 /* Debug */,
				554519EC230E67ED00EA99A6 /* Release */,
			);
			defaultConfigurationIsVisible = 0;
			defaultConfigurationName = Release;
		};
		554519ED230E67ED00EA99A6 /* Build configuration list for PBXNativeTarget "SwiftDemo" */ = {
			isa = XCConfigurationList;
			buildConfigurations = (
				554519EE230E67ED00EA99A6 /* Debug */,
				554519EF230E67ED00EA99A6 /* Release */,
			);
			defaultConfigurationIsVisible = 0;
			defaultConfigurationName = Release;
		};
		554519F0230E67ED00EA99A6 /* Build configuration list for PBXNativeTarget "SwiftDemoTests" */ = {
			isa = XCConfigurationList;
			buildConfigurations = (
				554519F1230E67ED00EA99A6 /* Debug */,
				554519F2230E67ED00EA99A6 /* Release */,
			);
			defaultConfigurationIsVisible = 0;
			defaultConfigurationName = Release;
		};
		554519F3230E67ED00EA99A6 /* Build configuration list for PBXNativeTarget "SwiftDemoUITests" */ = {
			isa = XCConfigurationList;
			buildConfigurations = (
				554519F4230E67ED00EA99A6 /* Debug */,
				554519F5230E67ED00EA99A6 /* Release */,
			);
			defaultConfigurationIsVisible = 0;
			defaultConfigurationName = Release;
		};
/* End XCConfigurationList section */

/* Begin XCVersionGroup section */
		554519CC230E67EC00EA99A6 /* SwiftDemo.xcdatamodeld */ = {
			isa = XCVersionGroup;
			children = (
				554519CD230E67EC00EA99A6 /* SwiftDemo.xcdatamodel */,
			);
			currentVersion = 554519CD230E67EC00EA99A6 /* SwiftDemo.xcdatamodel */;
			path = SwiftDemo.xcdatamodeld;
			sourceTree = "<group>";
			versionGroupType = wrapper.xcdatamodel;
		};
/* End XCVersionGroup section */
	};
	rootObject = 554519BA230E67EC00EA99A6 /* Project object */;
}
